// !$*UTF8*$!
{
	archiveVersion = 1;
	classes = {
	};
	objectVersion = 56;
	objects = {

/* Begin PBXBuildFile section */
		2A36DAD929B23B22009F4CE0 /* RMEpisodeDetailViewController.swift in Sources */ = {isa = PBXBuildFile; fileRef = 2A36DAD829B23B22009F4CE0 /* RMEpisodeDetailViewController.swift */; };
		2A40347529ACE97B003C306C /* RMCharacterPhotoCollectionViewCell.swift in Sources */ = {isa = PBXBuildFile; fileRef = 2A40347429ACE97B003C306C /* RMCharacterPhotoCollectionViewCell.swift */; };
		2A40347729ACE9A4003C306C /* RMCharacterInfoCollectionViewCell.swift in Sources */ = {isa = PBXBuildFile; fileRef = 2A40347629ACE9A4003C306C /* RMCharacterInfoCollectionViewCell.swift */; };
		2A40347929ACE9D0003C306C /* RMCharacterEpisodeCollectionViewCell.swift in Sources */ = {isa = PBXBuildFile; fileRef = 2A40347829ACE9D0003C306C /* RMCharacterEpisodeCollectionViewCell.swift */; };
		2A40347C29ACEA64003C306C /* RMCharacterEpisodeCollectionViewCellViewModel.swift in Sources */ = {isa = PBXBuildFile; fileRef = 2A40347B29ACEA64003C306C /* RMCharacterEpisodeCollectionViewCellViewModel.swift */; };
		2A40347E29ACEA78003C306C /* RMCharacterInfoCollectionViewCellViewModel.swift in Sources */ = {isa = PBXBuildFile; fileRef = 2A40347D29ACEA78003C306C /* RMCharacterInfoCollectionViewCellViewModel.swift */; };
		2A40348029ACEA8B003C306C /* RMCharacterPhotoCollectionViewCellViewModel.swift in Sources */ = {isa = PBXBuildFile; fileRef = 2A40347F29ACEA8B003C306C /* RMCharacterPhotoCollectionViewCellViewModel.swift */; };
		2A4677A3297EE0C100570428 /* RMGetAllCharactersResponse.swift in Sources */ = {isa = PBXBuildFile; fileRef = 2A4677A2297EE0C100570428 /* RMGetAllCharactersResponse.swift */; };
		2A5FB02F2977FD3E00414531 /* RMRequest.swift in Sources */ = {isa = PBXBuildFile; fileRef = 2A5FB02E2977FD3E00414531 /* RMRequest.swift */; };
		2A5FB0312977FE9600414531 /* RMEndpoint.swift in Sources */ = {isa = PBXBuildFile; fileRef = 2A5FB0302977FE9600414531 /* RMEndpoint.swift */; };
		2A5FB033297824D100414531 /* RMOrigin.swift in Sources */ = {isa = PBXBuildFile; fileRef = 2A5FB032297824D100414531 /* RMOrigin.swift */; };
		2A5FB0352978257700414531 /* RMSingleLocation.swift in Sources */ = {isa = PBXBuildFile; fileRef = 2A5FB0342978257700414531 /* RMSingleLocation.swift */; };
		2A5FB037297827AB00414531 /* RMCharacterStatus.swift in Sources */ = {isa = PBXBuildFile; fileRef = 2A5FB036297827AB00414531 /* RMCharacterStatus.swift */; };
		2A5FB0392978281300414531 /* RMCharacterGender.swift in Sources */ = {isa = PBXBuildFile; fileRef = 2A5FB0382978281300414531 /* RMCharacterGender.swift */; };
		2A7377362987F7A10027DC96 /* RMFooterLoadingCollectionReusableView.swift in Sources */ = {isa = PBXBuildFile; fileRef = 2A7377352987F7A10027DC96 /* RMFooterLoadingCollectionReusableView.swift */; };
		2A7D371B29744C9200D7AD91 /* RMService.swift in Sources */ = {isa = PBXBuildFile; fileRef = 2A7D371A29744C9200D7AD91 /* RMService.swift */; };
		2A80F99A29A253AA00535F3F /* RMImageLoader.swift in Sources */ = {isa = PBXBuildFile; fileRef = 2A80F99929A253AA00535F3F /* RMImageLoader.swift */; };
		2A9EA4CD2980472600CD6F02 /* Extensions.swift in Sources */ = {isa = PBXBuildFile; fileRef = 2A9EA4CC2980472600CD6F02 /* Extensions.swift */; };
		2AD3F78D2974058A00091220 /* AppDelegate.swift in Sources */ = {isa = PBXBuildFile; fileRef = 2AD3F78C2974058A00091220 /* AppDelegate.swift */; };
		2AD3F78F2974058A00091220 /* SceneDelegate.swift in Sources */ = {isa = PBXBuildFile; fileRef = 2AD3F78E2974058A00091220 /* SceneDelegate.swift */; };
		2AD3F7912974058A00091220 /* RMTabViewController.swift in Sources */ = {isa = PBXBuildFile; fileRef = 2AD3F7902974058A00091220 /* RMTabViewController.swift */; };
		2AD3F7962974058C00091220 /* Assets.xcassets in Resources */ = {isa = PBXBuildFile; fileRef = 2AD3F7952974058C00091220 /* Assets.xcassets */; };
		2AD3F7992974058C00091220 /* LaunchScreen.storyboard in Resources */ = {isa = PBXBuildFile; fileRef = 2AD3F7972974058C00091220 /* LaunchScreen.storyboard */; };
		2AD3F7A8297409A200091220 /* RMLocation.swift in Sources */ = {isa = PBXBuildFile; fileRef = 2AD3F7A7297409A200091220 /* RMLocation.swift */; };
		2AD3F7AA297409C100091220 /* RMCharacter.swift in Sources */ = {isa = PBXBuildFile; fileRef = 2AD3F7A9297409C100091220 /* RMCharacter.swift */; };
		2AD3F7AC297409DB00091220 /* RMEpisode.swift in Sources */ = {isa = PBXBuildFile; fileRef = 2AD3F7AB297409DB00091220 /* RMEpisode.swift */; };
		2AD3F7AF2974130500091220 /* RMCharacterViewController.swift in Sources */ = {isa = PBXBuildFile; fileRef = 2AD3F7AE2974130500091220 /* RMCharacterViewController.swift */; };
		2AD3F7B12974132500091220 /* RMLocationViewController.swift in Sources */ = {isa = PBXBuildFile; fileRef = 2AD3F7B02974132500091220 /* RMLocationViewController.swift */; };
		2AD3F7B32974133700091220 /* RMEpisodeViewController.swift in Sources */ = {isa = PBXBuildFile; fileRef = 2AD3F7B22974133700091220 /* RMEpisodeViewController.swift */; };
		2AD3F7B52974134F00091220 /* RMSettingsViewController.swift in Sources */ = {isa = PBXBuildFile; fileRef = 2AD3F7B42974134F00091220 /* RMSettingsViewController.swift */; };
		2AD797E2297FE59100B95F9D /* RMCharacterListViewViewModel.swift in Sources */ = {isa = PBXBuildFile; fileRef = 2AD797E1297FE59100B95F9D /* RMCharacterListViewViewModel.swift */; };
		2AD797E4297FE62F00B95F9D /* RMCharacterListView.swift in Sources */ = {isa = PBXBuildFile; fileRef = 2AD797E3297FE62F00B95F9D /* RMCharacterListView.swift */; };
		2ADC3DF82981266000E1DDB0 /* RMCharacterCollectionViewCell.swift in Sources */ = {isa = PBXBuildFile; fileRef = 2ADC3DF72981266000E1DDB0 /* RMCharacterCollectionViewCell.swift */; };
		2ADC3DFA2981288400E1DDB0 /* RMCharacterCollectionViewCellViewModel.swift in Sources */ = {isa = PBXBuildFile; fileRef = 2ADC3DF92981288400E1DDB0 /* RMCharacterCollectionViewCellViewModel.swift */; };
		2AFDFFAC2985675300E83C5E /* RMCharacterDetailViewController.swift in Sources */ = {isa = PBXBuildFile; fileRef = 2AFDFFAB2985675300E83C5E /* RMCharacterDetailViewController.swift */; };
		2AFDFFAE2985699E00E83C5E /* RMCharacterDetailView.swift in Sources */ = {isa = PBXBuildFile; fileRef = 2AFDFFAD2985699E00E83C5E /* RMCharacterDetailView.swift */; };
		2AFDFFB029857B5400E83C5E /* RMCharacterDetailViewViewModel.swift in Sources */ = {isa = PBXBuildFile; fileRef = 2AFDFFAF29857B5400E83C5E /* RMCharacterDetailViewViewModel.swift */; };
/* End PBXBuildFile section */

/* Begin PBXFileReference section */
		2A36DAD829B23B22009F4CE0 /* RMEpisodeDetailViewController.swift */ = {isa = PBXFileReference; lastKnownFileType = sourcecode.swift; path = RMEpisodeDetailViewController.swift; sourceTree = "<group>"; };
		2A40347429ACE97B003C306C /* RMCharacterPhotoCollectionViewCell.swift */ = {isa = PBXFileReference; lastKnownFileType = sourcecode.swift; path = RMCharacterPhotoCollectionViewCell.swift; sourceTree = "<group>"; };
		2A40347629ACE9A4003C306C /* RMCharacterInfoCollectionViewCell.swift */ = {isa = PBXFileReference; lastKnownFileType = sourcecode.swift; path = RMCharacterInfoCollectionViewCell.swift; sourceTree = "<group>"; };
		2A40347829ACE9D0003C306C /* RMCharacterEpisodeCollectionViewCell.swift */ = {isa = PBXFileReference; lastKnownFileType = sourcecode.swift; path = RMCharacterEpisodeCollectionViewCell.swift; sourceTree = "<group>"; };
		2A40347B29ACEA64003C306C /* RMCharacterEpisodeCollectionViewCellViewModel.swift */ = {isa = PBXFileReference; lastKnownFileType = sourcecode.swift; path = RMCharacterEpisodeCollectionViewCellViewModel.swift; sourceTree = "<group>"; };
		2A40347D29ACEA78003C306C /* RMCharacterInfoCollectionViewCellViewModel.swift */ = {isa = PBXFileReference; lastKnownFileType = sourcecode.swift; path = RMCharacterInfoCollectionViewCellViewModel.swift; sourceTree = "<group>"; };
		2A40347F29ACEA8B003C306C /* RMCharacterPhotoCollectionViewCellViewModel.swift */ = {isa = PBXFileReference; lastKnownFileType = sourcecode.swift; path = RMCharacterPhotoCollectionViewCellViewModel.swift; sourceTree = "<group>"; };
		2A4677A2297EE0C100570428 /* RMGetAllCharactersResponse.swift */ = {isa = PBXFileReference; lastKnownFileType = sourcecode.swift; path = RMGetAllCharactersResponse.swift; sourceTree = "<group>"; };
		2A5FB02E2977FD3E00414531 /* RMRequest.swift */ = {isa = PBXFileReference; lastKnownFileType = sourcecode.swift; path = RMRequest.swift; sourceTree = "<group>"; };
		2A5FB0302977FE9600414531 /* RMEndpoint.swift */ = {isa = PBXFileReference; lastKnownFileType = sourcecode.swift; path = RMEndpoint.swift; sourceTree = "<group>"; };
		2A5FB032297824D100414531 /* RMOrigin.swift */ = {isa = PBXFileReference; lastKnownFileType = sourcecode.swift; path = RMOrigin.swift; sourceTree = "<group>"; };
		2A5FB0342978257700414531 /* RMSingleLocation.swift */ = {isa = PBXFileReference; lastKnownFileType = sourcecode.swift; path = RMSingleLocation.swift; sourceTree = "<group>"; };
		2A5FB036297827AB00414531 /* RMCharacterStatus.swift */ = {isa = PBXFileReference; lastKnownFileType = sourcecode.swift; path = RMCharacterStatus.swift; sourceTree = "<group>"; };
		2A5FB0382978281300414531 /* RMCharacterGender.swift */ = {isa = PBXFileReference; lastKnownFileType = sourcecode.swift; path = RMCharacterGender.swift; sourceTree = "<group>"; };
		2A7377352987F7A10027DC96 /* RMFooterLoadingCollectionReusableView.swift */ = {isa = PBXFileReference; lastKnownFileType = sourcecode.swift; path = RMFooterLoadingCollectionReusableView.swift; sourceTree = "<group>"; };
		2A7D371A29744C9200D7AD91 /* RMService.swift */ = {isa = PBXFileReference; lastKnownFileType = sourcecode.swift; path = RMService.swift; sourceTree = "<group>"; };
		2A80F99929A253AA00535F3F /* RMImageLoader.swift */ = {isa = PBXFileReference; lastKnownFileType = sourcecode.swift; path = RMImageLoader.swift; sourceTree = "<group>"; };
		2A9EA4CC2980472600CD6F02 /* Extensions.swift */ = {isa = PBXFileReference; lastKnownFileType = sourcecode.swift; path = Extensions.swift; sourceTree = "<group>"; };
		2AD3F7892974058A00091220 /* RickAndMorty2023.app */ = {isa = PBXFileReference; explicitFileType = wrapper.application; includeInIndex = 0; path = RickAndMorty2023.app; sourceTree = BUILT_PRODUCTS_DIR; };
		2AD3F78C2974058A00091220 /* AppDelegate.swift */ = {isa = PBXFileReference; lastKnownFileType = sourcecode.swift; path = AppDelegate.swift; sourceTree = "<group>"; };
		2AD3F78E2974058A00091220 /* SceneDelegate.swift */ = {isa = PBXFileReference; lastKnownFileType = sourcecode.swift; path = SceneDelegate.swift; sourceTree = "<group>"; };
		2AD3F7902974058A00091220 /* RMTabViewController.swift */ = {isa = PBXFileReference; lastKnownFileType = sourcecode.swift; path = RMTabViewController.swift; sourceTree = "<group>"; };
		2AD3F7952974058C00091220 /* Assets.xcassets */ = {isa = PBXFileReference; lastKnownFileType = folder.assetcatalog; path = Assets.xcassets; sourceTree = "<group>"; };
		2AD3F7982974058C00091220 /* Base */ = {isa = PBXFileReference; lastKnownFileType = file.storyboard; name = Base; path = Base.lproj/LaunchScreen.storyboard; sourceTree = "<group>"; };
		2AD3F79A2974058C00091220 /* Info.plist */ = {isa = PBXFileReference; lastKnownFileType = text.plist.xml; path = Info.plist; sourceTree = "<group>"; };
		2AD3F7A7297409A200091220 /* RMLocation.swift */ = {isa = PBXFileReference; lastKnownFileType = sourcecode.swift; path = RMLocation.swift; sourceTree = "<group>"; };
		2AD3F7A9297409C100091220 /* RMCharacter.swift */ = {isa = PBXFileReference; lastKnownFileType = sourcecode.swift; path = RMCharacter.swift; sourceTree = "<group>"; };
		2AD3F7AB297409DB00091220 /* RMEpisode.swift */ = {isa = PBXFileReference; lastKnownFileType = sourcecode.swift; path = RMEpisode.swift; sourceTree = "<group>"; };
		2AD3F7AE2974130500091220 /* RMCharacterViewController.swift */ = {isa = PBXFileReference; lastKnownFileType = sourcecode.swift; path = RMCharacterViewController.swift; sourceTree = "<group>"; };
		2AD3F7B02974132500091220 /* RMLocationViewController.swift */ = {isa = PBXFileReference; lastKnownFileType = sourcecode.swift; path = RMLocationViewController.swift; sourceTree = "<group>"; };
		2AD3F7B22974133700091220 /* RMEpisodeViewController.swift */ = {isa = PBXFileReference; lastKnownFileType = sourcecode.swift; path = RMEpisodeViewController.swift; sourceTree = "<group>"; };
		2AD3F7B42974134F00091220 /* RMSettingsViewController.swift */ = {isa = PBXFileReference; lastKnownFileType = sourcecode.swift; path = RMSettingsViewController.swift; sourceTree = "<group>"; };
		2AD797E1297FE59100B95F9D /* RMCharacterListViewViewModel.swift */ = {isa = PBXFileReference; lastKnownFileType = sourcecode.swift; path = RMCharacterListViewViewModel.swift; sourceTree = "<group>"; };
		2AD797E3297FE62F00B95F9D /* RMCharacterListView.swift */ = {isa = PBXFileReference; lastKnownFileType = sourcecode.swift; path = RMCharacterListView.swift; sourceTree = "<group>"; };
		2ADC3DF72981266000E1DDB0 /* RMCharacterCollectionViewCell.swift */ = {isa = PBXFileReference; lastKnownFileType = sourcecode.swift; path = RMCharacterCollectionViewCell.swift; sourceTree = "<group>"; };
		2ADC3DF92981288400E1DDB0 /* RMCharacterCollectionViewCellViewModel.swift */ = {isa = PBXFileReference; lastKnownFileType = sourcecode.swift; path = RMCharacterCollectionViewCellViewModel.swift; sourceTree = "<group>"; };
		2AFDFFAB2985675300E83C5E /* RMCharacterDetailViewController.swift */ = {isa = PBXFileReference; lastKnownFileType = sourcecode.swift; path = RMCharacterDetailViewController.swift; sourceTree = "<group>"; };
		2AFDFFAD2985699E00E83C5E /* RMCharacterDetailView.swift */ = {isa = PBXFileReference; lastKnownFileType = sourcecode.swift; path = RMCharacterDetailView.swift; sourceTree = "<group>"; };
		2AFDFFAF29857B5400E83C5E /* RMCharacterDetailViewViewModel.swift */ = {isa = PBXFileReference; lastKnownFileType = sourcecode.swift; path = RMCharacterDetailViewViewModel.swift; sourceTree = "<group>"; };
/* End PBXFileReference section */

/* Begin PBXFrameworksBuildPhase section */
		2AD3F7862974058A00091220 /* Frameworks */ = {
			isa = PBXFrameworksBuildPhase;
			buildActionMask = 2147483647;
			files = (
			);
			runOnlyForDeploymentPostprocessing = 0;
		};
/* End PBXFrameworksBuildPhase section */

/* Begin PBXGroup section */
		2A40347229ACE906003C306C /* CharacterDetails */ = {
			isa = PBXGroup;
			children = (
				2AFDFFAD2985699E00E83C5E /* RMCharacterDetailView.swift */,
				2A40347429ACE97B003C306C /* RMCharacterPhotoCollectionViewCell.swift */,
				2A40347629ACE9A4003C306C /* RMCharacterInfoCollectionViewCell.swift */,
				2A40347829ACE9D0003C306C /* RMCharacterEpisodeCollectionViewCell.swift */,
			);
			path = CharacterDetails;
			sourceTree = "<group>";
		};
		2A40347329ACE933003C306C /* Character */ = {
			isa = PBXGroup;
			children = (
				2AD797E3297FE62F00B95F9D /* RMCharacterListView.swift */,
				2ADC3DF72981266000E1DDB0 /* RMCharacterCollectionViewCell.swift */,
			);
			path = Character;
			sourceTree = "<group>";
		};
		2A40347A29ACE9F3003C306C /* CharacterDetail */ = {
			isa = PBXGroup;
			children = (
				2AFDFFAF29857B5400E83C5E /* RMCharacterDetailViewViewModel.swift */,
				2A40347F29ACEA8B003C306C /* RMCharacterPhotoCollectionViewCellViewModel.swift */,
				2A40347D29ACEA78003C306C /* RMCharacterInfoCollectionViewCellViewModel.swift */,
				2A40347B29ACEA64003C306C /* RMCharacterEpisodeCollectionViewCellViewModel.swift */,
			);
			path = CharacterDetail;
			sourceTree = "<group>";
		};
		2AD3F7802974058A00091220 = {
			isa = PBXGroup;
			children = (
				2AD3F78B2974058A00091220 /* RickAndMorty2023 */,
				2AD3F78A2974058A00091220 /* Products */,
			);
			sourceTree = "<group>";
		};
		2AD3F78A2974058A00091220 /* Products */ = {
			isa = PBXGroup;
			children = (
				2AD3F7892974058A00091220 /* RickAndMorty2023.app */,
			);
			name = Products;
			sourceTree = "<group>";
		};
		2AD3F78B2974058A00091220 /* RickAndMorty2023 */ = {
			isa = PBXGroup;
			children = (
				2AD3F7A6297408E000091220 /* Resources */,
				2AD3F7A52974086A00091220 /* Managers */,
				2AD3F7A42974084100091220 /* APIClient */,
				2AD3F7A32974082800091220 /* ViewModels */,
				2AD3F7A22974080D00091220 /* Views */,
				2AD3F7A12974080400091220 /* Models */,
				2AD3F7A02974078300091220 /* Controllers */,
				2AD3F79A2974058C00091220 /* Info.plist */,
			);
			path = RickAndMorty2023;
			sourceTree = "<group>";
		};
		2AD3F7A02974078300091220 /* Controllers */ = {
			isa = PBXGroup;
			children = (
				2AFDFFAA2985670C00E83C5E /* Other */,
				2AD3F7AD29740A4D00091220 /* Core */,
			);
			path = Controllers;
			sourceTree = "<group>";
		};
		2AD3F7A12974080400091220 /* Models */ = {
			isa = PBXGroup;
			children = (
				2AE34BB1297A9C8300E962E0 /* APIResponseTypes */,
				2AE34BB0297A9C6500E962E0 /* DataTypes */,
			);
			path = Models;
			sourceTree = "<group>";
		};
		2AD3F7A22974080D00091220 /* Views */ = {
			isa = PBXGroup;
			children = (
				2A40347229ACE906003C306C /* CharacterDetails */,
				2A40347329ACE933003C306C /* Character */,
				2A7377352987F7A10027DC96 /* RMFooterLoadingCollectionReusableView.swift */,
			);
			path = Views;
			sourceTree = "<group>";
		};
		2AD3F7A32974082800091220 /* ViewModels */ = {
			isa = PBXGroup;
			children = (
				2A40347A29ACE9F3003C306C /* CharacterDetail */,
				2AD797E1297FE59100B95F9D /* RMCharacterListViewViewModel.swift */,
				2ADC3DF92981288400E1DDB0 /* RMCharacterCollectionViewCellViewModel.swift */,
			);
			path = ViewModels;
			sourceTree = "<group>";
		};
		2AD3F7A42974084100091220 /* APIClient */ = {
			isa = PBXGroup;
			children = (
				2A7D371A29744C9200D7AD91 /* RMService.swift */,
				2A5FB02E2977FD3E00414531 /* RMRequest.swift */,
				2A5FB0302977FE9600414531 /* RMEndpoint.swift */,
			);
			path = APIClient;
			sourceTree = "<group>";
		};
		2AD3F7A52974086A00091220 /* Managers */ = {
			isa = PBXGroup;
			children = (
				2A80F99929A253AA00535F3F /* RMImageLoader.swift */,
			);
			path = Managers;
			sourceTree = "<group>";
		};
		2AD3F7A6297408E000091220 /* Resources */ = {
			isa = PBXGroup;
			children = (
				2AD3F7952974058C00091220 /* Assets.xcassets */,
				2AD3F7972974058C00091220 /* LaunchScreen.storyboard */,
				2AD3F78C2974058A00091220 /* AppDelegate.swift */,
				2AD3F78E2974058A00091220 /* SceneDelegate.swift */,
				2A9EA4CC2980472600CD6F02 /* Extensions.swift */,
			);
			path = Resources;
			sourceTree = "<group>";
		};
		2AD3F7AD29740A4D00091220 /* Core */ = {
			isa = PBXGroup;
			children = (
				2AD3F7902974058A00091220 /* RMTabViewController.swift */,
				2AD3F7AE2974130500091220 /* RMCharacterViewController.swift */,
				2AD3F7B02974132500091220 /* RMLocationViewController.swift */,
				2AD3F7B22974133700091220 /* RMEpisodeViewController.swift */,
				2AD3F7B42974134F00091220 /* RMSettingsViewController.swift */,
			);
			path = Core;
			sourceTree = "<group>";
		};
		2AE34BB0297A9C6500E962E0 /* DataTypes */ = {
			isa = PBXGroup;
			children = (
				2AD3F7A7297409A200091220 /* RMLocation.swift */,
				2AD3F7A9297409C100091220 /* RMCharacter.swift */,
				2AD3F7AB297409DB00091220 /* RMEpisode.swift */,
				2A5FB032297824D100414531 /* RMOrigin.swift */,
				2A5FB0342978257700414531 /* RMSingleLocation.swift */,
				2A5FB036297827AB00414531 /* RMCharacterStatus.swift */,
				2A5FB0382978281300414531 /* RMCharacterGender.swift */,
			);
			path = DataTypes;
			sourceTree = "<group>";
		};
		2AE34BB1297A9C8300E962E0 /* APIResponseTypes */ = {
			isa = PBXGroup;
			children = (
				2A4677A2297EE0C100570428 /* RMGetAllCharactersResponse.swift */,
			);
			path = APIResponseTypes;
			sourceTree = "<group>";
		};
		2AFDFFAA2985670C00E83C5E /* Other */ = {
			isa = PBXGroup;
			children = (
				2AFDFFAB2985675300E83C5E /* RMCharacterDetailViewController.swift */,
				2A36DAD829B23B22009F4CE0 /* RMEpisodeDetailViewController.swift */,
			);
			path = Other;
			sourceTree = "<group>";
		};
/* End PBXGroup section */

/* Begin PBXNativeTarget section */
		2AD3F7882974058A00091220 /* RickAndMorty2023 */ = {
			isa = PBXNativeTarget;
			buildConfigurationList = 2AD3F79D2974058C00091220 /* Build configuration list for PBXNativeTarget "RickAndMorty2023" */;
			buildPhases = (
				2AD3F7852974058A00091220 /* Sources */,
				2AD3F7862974058A00091220 /* Frameworks */,
				2AD3F7872974058A00091220 /* Resources */,
			);
			buildRules = (
			);
			dependencies = (
			);
			name = RickAndMorty2023;
			productName = RickAndMorty2023;
			productReference = 2AD3F7892974058A00091220 /* RickAndMorty2023.app */;
			productType = "com.apple.product-type.application";
		};
/* End PBXNativeTarget section */

/* Begin PBXProject section */
		2AD3F7812974058A00091220 /* Project object */ = {
			isa = PBXProject;
			attributes = {
				BuildIndependentTargetsInParallel = 1;
				LastSwiftUpdateCheck = 1420;
				LastUpgradeCheck = 1420;
				TargetAttributes = {
					2AD3F7882974058A00091220 = {
						CreatedOnToolsVersion = 14.2;
					};
				};
			};
			buildConfigurationList = 2AD3F7842974058A00091220 /* Build configuration list for PBXProject "RickAndMorty2023" */;
			compatibilityVersion = "Xcode 14.0";
			developmentRegion = en;
			hasScannedForEncodings = 0;
			knownRegions = (
				en,
				Base,
			);
			mainGroup = 2AD3F7802974058A00091220;
			productRefGroup = 2AD3F78A2974058A00091220 /* Products */;
			projectDirPath = "";
			projectRoot = "";
			targets = (
				2AD3F7882974058A00091220 /* RickAndMorty2023 */,
			);
		};
/* End PBXProject section */

/* Begin PBXResourcesBuildPhase section */
		2AD3F7872974058A00091220 /* Resources */ = {
			isa = PBXResourcesBuildPhase;
			buildActionMask = 2147483647;
			files = (
				2AD3F7992974058C00091220 /* LaunchScreen.storyboard in Resources */,
				2AD3F7962974058C00091220 /* Assets.xcassets in Resources */,
			);
			runOnlyForDeploymentPostprocessing = 0;
		};
/* End PBXResourcesBuildPhase section */

/* Begin PBXSourcesBuildPhase section */
		2AD3F7852974058A00091220 /* Sources */ = {
			isa = PBXSourcesBuildPhase;
			buildActionMask = 2147483647;
			files = (
				2A5FB033297824D100414531 /* RMOrigin.swift in Sources */,
				2AFDFFB029857B5400E83C5E /* RMCharacterDetailViewViewModel.swift in Sources */,
				2A5FB0352978257700414531 /* RMSingleLocation.swift in Sources */,
				2A40348029ACEA8B003C306C /* RMCharacterPhotoCollectionViewCellViewModel.swift in Sources */,
				2AD797E4297FE62F00B95F9D /* RMCharacterListView.swift in Sources */,
				2A4677A3297EE0C100570428 /* RMGetAllCharactersResponse.swift in Sources */,
				2A5FB037297827AB00414531 /* RMCharacterStatus.swift in Sources */,
				2A5FB0392978281300414531 /* RMCharacterGender.swift in Sources */,
				2AFDFFAC2985675300E83C5E /* RMCharacterDetailViewController.swift in Sources */,
				2A7377362987F7A10027DC96 /* RMFooterLoadingCollectionReusableView.swift in Sources */,
				2AD3F7B12974132500091220 /* RMLocationViewController.swift in Sources */,
				2AD3F7AC297409DB00091220 /* RMEpisode.swift in Sources */,
				2A40347729ACE9A4003C306C /* RMCharacterInfoCollectionViewCell.swift in Sources */,
				2AD3F7912974058A00091220 /* RMTabViewController.swift in Sources */,
				2ADC3DF82981266000E1DDB0 /* RMCharacterCollectionViewCell.swift in Sources */,
				2A40347E29ACEA78003C306C /* RMCharacterInfoCollectionViewCellViewModel.swift in Sources */,
				2AD3F7B32974133700091220 /* RMEpisodeViewController.swift in Sources */,
				2A80F99A29A253AA00535F3F /* RMImageLoader.swift in Sources */,
				2AD3F78D2974058A00091220 /* AppDelegate.swift in Sources */,
				2AD3F78F2974058A00091220 /* SceneDelegate.swift in Sources */,
				2A40347529ACE97B003C306C /* RMCharacterPhotoCollectionViewCell.swift in Sources */,
				2AD3F7B52974134F00091220 /* RMSettingsViewController.swift in Sources */,
				2A9EA4CD2980472600CD6F02 /* Extensions.swift in Sources */,
				2A7D371B29744C9200D7AD91 /* RMService.swift in Sources */,
				2A40347C29ACEA64003C306C /* RMCharacterEpisodeCollectionViewCellViewModel.swift in Sources */,
				2AD3F7A8297409A200091220 /* RMLocation.swift in Sources */,
				2A5FB0312977FE9600414531 /* RMEndpoint.swift in Sources */,
				2A36DAD929B23B22009F4CE0 /* RMEpisodeDetailViewController.swift in Sources */,
				2AD3F7AA297409C100091220 /* RMCharacter.swift in Sources */,
				2ADC3DFA2981288400E1DDB0 /* RMCharacterCollectionViewCellViewModel.swift in Sources */,
				2A5FB02F2977FD3E00414531 /* RMRequest.swift in Sources */,
				2AD3F7AF2974130500091220 /* RMCharacterViewController.swift in Sources */,
				2A40347929ACE9D0003C306C /* RMCharacterEpisodeCollectionViewCell.swift in Sources */,
				2AD797E2297FE59100B95F9D /* RMCharacterListViewViewModel.swift in Sources */,
				2AFDFFAE2985699E00E83C5E /* RMCharacterDetailView.swift in Sources */,
			);
			runOnlyForDeploymentPostprocessing = 0;
		};
/* End PBXSourcesBuildPhase section */

/* Begin PBXVariantGroup section */
		2AD3F7972974058C00091220 /* LaunchScreen.storyboard */ = {
			isa = PBXVariantGroup;
			children = (
				2AD3F7982974058C00091220 /* Base */,
			);
			name = LaunchScreen.storyboard;
			sourceTree = "<group>";
		};
/* End PBXVariantGroup section */

/* Begin XCBuildConfiguration section */
		2AD3F79B2974058C00091220 /* Debug */ = {
			isa = XCBuildConfiguration;
			buildSettings = {
				ALWAYS_SEARCH_USER_PATHS = NO;
				CLANG_ANALYZER_NONNULL = YES;
				CLANG_ANALYZER_NUMBER_OBJECT_CONVERSION = YES_AGGRESSIVE;
				CLANG_CXX_LANGUAGE_STANDARD = "gnu++20";
				CLANG_ENABLE_MODULES = YES;
				CLANG_ENABLE_OBJC_ARC = YES;
				CLANG_ENABLE_OBJC_WEAK = YES;
				CLANG_WARN_BLOCK_CAPTURE_AUTORELEASING = YES;
				CLANG_WARN_BOOL_CONVERSION = YES;
				CLANG_WARN_COMMA = YES;
				CLANG_WARN_CONSTANT_CONVERSION = YES;
				CLANG_WARN_DEPRECATED_OBJC_IMPLEMENTATIONS = YES;
				CLANG_WARN_DIRECT_OBJC_ISA_USAGE = YES_ERROR;
				CLANG_WARN_DOCUMENTATION_COMMENTS = YES;
				CLANG_WARN_EMPTY_BODY = YES;
				CLANG_WARN_ENUM_CONVERSION = YES;
				CLANG_WARN_INFINITE_RECURSION = YES;
				CLANG_WARN_INT_CONVERSION = YES;
				CLANG_WARN_NON_LITERAL_NULL_CONVERSION = YES;
				CLANG_WARN_OBJC_IMPLICIT_RETAIN_SELF = YES;
				CLANG_WARN_OBJC_LITERAL_CONVERSION = YES;
				CLANG_WARN_OBJC_ROOT_CLASS = YES_ERROR;
				CLANG_WARN_QUOTED_INCLUDE_IN_FRAMEWORK_HEADER = YES;
				CLANG_WARN_RANGE_LOOP_ANALYSIS = YES;
				CLANG_WARN_STRICT_PROTOTYPES = YES;
				CLANG_WARN_SUSPICIOUS_MOVE = YES;
				CLANG_WARN_UNGUARDED_AVAILABILITY = YES_AGGRESSIVE;
				CLANG_WARN_UNREACHABLE_CODE = YES;
				CLANG_WARN__DUPLICATE_METHOD_MATCH = YES;
				COPY_PHASE_STRIP = NO;
				DEBUG_INFORMATION_FORMAT = dwarf;
				ENABLE_STRICT_OBJC_MSGSEND = YES;
				ENABLE_TESTABILITY = YES;
				GCC_C_LANGUAGE_STANDARD = gnu11;
				GCC_DYNAMIC_NO_PIC = NO;
				GCC_NO_COMMON_BLOCKS = YES;
				GCC_OPTIMIZATION_LEVEL = 0;
				GCC_PREPROCESSOR_DEFINITIONS = (
					"DEBUG=1",
					"$(inherited)",
				);
				GCC_WARN_64_TO_32_BIT_CONVERSION = YES;
				GCC_WARN_ABOUT_RETURN_TYPE = YES_ERROR;
				GCC_WARN_UNDECLARED_SELECTOR = YES;
				GCC_WARN_UNINITIALIZED_AUTOS = YES_AGGRESSIVE;
				GCC_WARN_UNUSED_FUNCTION = YES;
				GCC_WARN_UNUSED_VARIABLE = YES;
				IPHONEOS_DEPLOYMENT_TARGET = 16.2;
				MTL_ENABLE_DEBUG_INFO = INCLUDE_SOURCE;
				MTL_FAST_MATH = YES;
				ONLY_ACTIVE_ARCH = YES;
				SDKROOT = iphoneos;
				SWIFT_ACTIVE_COMPILATION_CONDITIONS = DEBUG;
				SWIFT_OPTIMIZATION_LEVEL = "-Onone";
			};
			name = Debug;
		};
		2AD3F79C2974058C00091220 /* Release */ = {
			isa = XCBuildConfiguration;
			buildSettings = {
				ALWAYS_SEARCH_USER_PATHS = NO;
				CLANG_ANALYZER_NONNULL = YES;
				CLANG_ANALYZER_NUMBER_OBJECT_CONVERSION = YES_AGGRESSIVE;
				CLANG_CXX_LANGUAGE_STANDARD = "gnu++20";
				CLANG_ENABLE_MODULES = YES;
				CLANG_ENABLE_OBJC_ARC = YES;
				CLANG_ENABLE_OBJC_WEAK = YES;
				CLANG_WARN_BLOCK_CAPTURE_AUTORELEASING = YES;
				CLANG_WARN_BOOL_CONVERSION = YES;
				CLANG_WARN_COMMA = YES;
				CLANG_WARN_CONSTANT_CONVERSION = YES;
				CLANG_WARN_DEPRECATED_OBJC_IMPLEMENTATIONS = YES;
				CLANG_WARN_DIRECT_OBJC_ISA_USAGE = YES_ERROR;
				CLANG_WARN_DOCUMENTATION_COMMENTS = YES;
				CLANG_WARN_EMPTY_BODY = YES;
				CLANG_WARN_ENUM_CONVERSION = YES;
				CLANG_WARN_INFINITE_RECURSION = YES;
				CLANG_WARN_INT_CONVERSION = YES;
				CLANG_WARN_NON_LITERAL_NULL_CONVERSION = YES;
				CLANG_WARN_OBJC_IMPLICIT_RETAIN_SELF = YES;
				CLANG_WARN_OBJC_LITERAL_CONVERSION = YES;
				CLANG_WARN_OBJC_ROOT_CLASS = YES_ERROR;
				CLANG_WARN_QUOTED_INCLUDE_IN_FRAMEWORK_HEADER = YES;
				CLANG_WARN_RANGE_LOOP_ANALYSIS = YES;
				CLANG_WARN_STRICT_PROTOTYPES = YES;
				CLANG_WARN_SUSPICIOUS_MOVE = YES;
				CLANG_WARN_UNGUARDED_AVAILABILITY = YES_AGGRESSIVE;
				CLANG_WARN_UNREACHABLE_CODE = YES;
				CLANG_WARN__DUPLICATE_METHOD_MATCH = YES;
				COPY_PHASE_STRIP = NO;
				DEBUG_INFORMATION_FORMAT = "dwarf-with-dsym";
				ENABLE_NS_ASSERTIONS = NO;
				ENABLE_STRICT_OBJC_MSGSEND = YES;
				GCC_C_LANGUAGE_STANDARD = gnu11;
				GCC_NO_COMMON_BLOCKS = YES;
				GCC_WARN_64_TO_32_BIT_CONVERSION = YES;
				GCC_WARN_ABOUT_RETURN_TYPE = YES_ERROR;
				GCC_WARN_UNDECLARED_SELECTOR = YES;
				GCC_WARN_UNINITIALIZED_AUTOS = YES_AGGRESSIVE;
				GCC_WARN_UNUSED_FUNCTION = YES;
				GCC_WARN_UNUSED_VARIABLE = YES;
				IPHONEOS_DEPLOYMENT_TARGET = 16.2;
				MTL_ENABLE_DEBUG_INFO = NO;
				MTL_FAST_MATH = YES;
				SDKROOT = iphoneos;
				SWIFT_COMPILATION_MODE = wholemodule;
				SWIFT_OPTIMIZATION_LEVEL = "-O";
				VALIDATE_PRODUCT = YES;
			};
			name = Release;
		};
		2AD3F79E2974058C00091220 /* Debug */ = {
			isa = XCBuildConfiguration;
			buildSettings = {
				ASSETCATALOG_COMPILER_APPICON_NAME = AppIcon;
				ASSETCATALOG_COMPILER_GLOBAL_ACCENT_COLOR_NAME = AccentColor;
				CODE_SIGN_STYLE = Automatic;
				CURRENT_PROJECT_VERSION = 1;
				DEVELOPMENT_TEAM = TFQ2BSWG6K;
				GENERATE_INFOPLIST_FILE = YES;
				INFOPLIST_FILE = RickAndMorty2023/Info.plist;
				INFOPLIST_KEY_UIApplicationSupportsIndirectInputEvents = YES;
				INFOPLIST_KEY_UILaunchStoryboardName = LaunchScreen;
				INFOPLIST_KEY_UISupportedInterfaceOrientations_iPad = "UIInterfaceOrientationPortrait UIInterfaceOrientationPortraitUpsideDown UIInterfaceOrientationLandscapeLeft UIInterfaceOrientationLandscapeRight";
				INFOPLIST_KEY_UISupportedInterfaceOrientations_iPhone = "UIInterfaceOrientationPortrait UIInterfaceOrientationLandscapeLeft UIInterfaceOrientationLandscapeRight";
				LD_RUNPATH_SEARCH_PATHS = (
					"$(inherited)",
					"@executable_path/Frameworks",
				);
				MARKETING_VERSION = 1.0;
				PRODUCT_BUNDLE_IDENTIFIER = ru.sergei.anisimov.RickAndMorty2023;
				PRODUCT_NAME = "$(TARGET_NAME)";
				SWIFT_EMIT_LOC_STRINGS = YES;
				SWIFT_VERSION = 5.0;
				TARGETED_DEVICE_FAMILY = "1,2";
			};
			name = Debug;
		};
		2AD3F79F2974058C00091220 /* Release */ = {
			isa = XCBuildConfiguration;
			buildSettings = {
				ASSETCATALOG_COMPILER_APPICON_NAME = AppIcon;
				ASSETCATALOG_COMPILER_GLOBAL_ACCENT_COLOR_NAME = AccentColor;
				CODE_SIGN_STYLE = Automatic;
				CURRENT_PROJECT_VERSION = 1;
				DEVELOPMENT_TEAM = TFQ2BSWG6K;
				GENERATE_INFOPLIST_FILE = YES;
				INFOPLIST_FILE = RickAndMorty2023/Info.plist;
				INFOPLIST_KEY_UIApplicationSupportsIndirectInputEvents = YES;
				INFOPLIST_KEY_UILaunchStoryboardName = LaunchScreen;
				INFOPLIST_KEY_UISupportedInterfaceOrientations_iPad = "UIInterfaceOrientationPortrait UIInterfaceOrientationPortraitUpsideDown UIInterfaceOrientationLandscapeLeft UIInterfaceOrientationLandscapeRight";
				INFOPLIST_KEY_UISupportedInterfaceOrientations_iPhone = "UIInterfaceOrientationPortrait UIInterfaceOrientationLandscapeLeft UIInterfaceOrientationLandscapeRight";
				LD_RUNPATH_SEARCH_PATHS = (
					"$(inherited)",
					"@executable_path/Frameworks",
				);
				MARKETING_VERSION = 1.0;
				PRODUCT_BUNDLE_IDENTIFIER = ru.sergei.anisimov.RickAndMorty2023;
				PRODUCT_NAME = "$(TARGET_NAME)";
				SWIFT_EMIT_LOC_STRINGS = YES;
				SWIFT_VERSION = 5.0;
				TARGETED_DEVICE_FAMILY = "1,2";
			};
			name = Release;
		};
/* End XCBuildConfiguration section */

/* Begin XCConfigurationList section */
		2AD3F7842974058A00091220 /* Build configuration list for PBXProject "RickAndMorty2023" */ = {
			isa = XCConfigurationList;
			buildConfigurations = (
				2AD3F79B2974058C00091220 /* Debug */,
				2AD3F79C2974058C00091220 /* Release */,
			);
			defaultConfigurationIsVisible = 0;
			defaultConfigurationName = Release;
		};
		2AD3F79D2974058C00091220 /* Build configuration list for PBXNativeTarget "RickAndMorty2023" */ = {
			isa = XCConfigurationList;
			buildConfigurations = (
				2AD3F79E2974058C00091220 /* Debug */,
				2AD3F79F2974058C00091220 /* Release */,
			);
			defaultConfigurationIsVisible = 0;
			defaultConfigurationName = Release;
		};
/* End XCConfigurationList section */
	};
	rootObject = 2AD3F7812974058A00091220 /* Project object */;
}
